// !$*UTF8*$!
{
	archiveVersion = 1;
	classes = {
	};
	objectVersion = 56;
	objects = {

/* Begin PBXBuildFile section */
		A74DFFE929C2232F0041DCCC /* AuthHeaderView.swift in Sources */ = {isa = PBXBuildFile; fileRef = A74DFFE829C2232F0041DCCC /* AuthHeaderView.swift */; };
		A77481352A097BBF00ED3238 /* ExerciseDetailsViewController.swift in Sources */ = {isa = PBXBuildFile; fileRef = A77481342A097BBF00ED3238 /* ExerciseDetailsViewController.swift */; };
		A77481372A0C0A0400ED3238 /* MenuViewController.swift in Sources */ = {isa = PBXBuildFile; fileRef = A77481362A0C0A0400ED3238 /* MenuViewController.swift */; };
		A77481392A10B74500ED3238 /* MainTabVIewController.swift in Sources */ = {isa = PBXBuildFile; fileRef = A77481382A10B74500ED3238 /* MainTabVIewController.swift */; };
		A774813D2A11203E00ED3238 /* CreateScheduleController.swift in Sources */ = {isa = PBXBuildFile; fileRef = A774813C2A11203E00ED3238 /* CreateScheduleController.swift */; };
		A774813F2A11206200ED3238 /* ScheduleViewController.swift in Sources */ = {isa = PBXBuildFile; fileRef = A774813E2A11206200ED3238 /* ScheduleViewController.swift */; };
		A77481412A1135C200ED3238 /* DashBoardViewController.swift in Sources */ = {isa = PBXBuildFile; fileRef = A77481402A1135C200ED3238 /* DashBoardViewController.swift */; };
		A77481432A114D3400ED3238 /* ProfileController.swift in Sources */ = {isa = PBXBuildFile; fileRef = A77481422A114D3400ED3238 /* ProfileController.swift */; };
		A77481462A1161D800ED3238 /* CollectionViewTableViewCell.swift in Sources */ = {isa = PBXBuildFile; fileRef = A77481452A1161D800ED3238 /* CollectionViewTableViewCell.swift */; };
		A77481482A13E8B000ED3238 /* HeroHeaderUIView.swift in Sources */ = {isa = PBXBuildFile; fileRef = A77481472A13E8B000ED3238 /* HeroHeaderUIView.swift */; };
		A774814A2A15288900ED3238 /* AgeSelectViewController.swift in Sources */ = {isa = PBXBuildFile; fileRef = A77481492A15288900ED3238 /* AgeSelectViewController.swift */; };
		A774814C2A152D2C00ED3238 /* WeightSelectViewController.swift in Sources */ = {isa = PBXBuildFile; fileRef = A774814B2A152D2C00ED3238 /* WeightSelectViewController.swift */; };
		A774814E2A15364400ED3238 /* FitnessGoalSelectController.swift in Sources */ = {isa = PBXBuildFile; fileRef = A774814D2A15364400ED3238 /* FitnessGoalSelectController.swift */; };
		A77481502A15397600ED3238 /* FitnessGoalCardView.swift in Sources */ = {isa = PBXBuildFile; fileRef = A774814F2A15397600ED3238 /* FitnessGoalCardView.swift */; };
		A77481522A15505F00ED3238 /* HeightSelectViewController.swift in Sources */ = {isa = PBXBuildFile; fileRef = A77481512A15505F00ED3238 /* HeightSelectViewController.swift */; };
		A78497DA29C363E100B87FF6 /* TextFeildCustom.swift in Sources */ = {isa = PBXBuildFile; fileRef = A78497D929C363E100B87FF6 /* TextFeildCustom.swift */; };
		A78497DC29C3934400B87FF6 /* CustomButton.swift in Sources */ = {isa = PBXBuildFile; fileRef = A78497DB29C3934400B87FF6 /* CustomButton.swift */; };
		A7889F3429D94C8000EB7418 /* AlertManager.swift in Sources */ = {isa = PBXBuildFile; fileRef = A7889F3329D94C8000EB7418 /* AlertManager.swift */; };
		A788DC802A178A5D00EC982F /* WorkoutProgressView.swift in Sources */ = {isa = PBXBuildFile; fileRef = A788DC7F2A178A5D00EC982F /* WorkoutProgressView.swift */; };
		A788DC832A188DC400EC982F /* WorkoutListViewController.swift in Sources */ = {isa = PBXBuildFile; fileRef = A788DC822A188DC400EC982F /* WorkoutListViewController.swift */; };
		A788DC852A18E2B500EC982F /* WorkoutDetailViewController.swift in Sources */ = {isa = PBXBuildFile; fileRef = A788DC842A18E2B500EC982F /* WorkoutDetailViewController.swift */; };
		A789EFF62A062F4500BBC9F2 /* GoogleService-Info.plist in Resources */ = {isa = PBXBuildFile; fileRef = A789EFF52A062F4500BBC9F2 /* GoogleService-Info.plist */; };
		A79E158C29CF487E00E33679 /* NewSplashScreenController.swift in Sources */ = {isa = PBXBuildFile; fileRef = A79E158B29CF487E00E33679 /* NewSplashScreenController.swift */; };
		A7BA6A4129D0188C009443F6 /* WebViewerController.swift in Sources */ = {isa = PBXBuildFile; fileRef = A7BA6A4029D0188C009443F6 /* WebViewerController.swift */; };
		A7FC2E3D29C5FB2D00043CE4 /* SplashScreenController.swift in Sources */ = {isa = PBXBuildFile; fileRef = A7FC2E3C29C5FB2D00043CE4 /* SplashScreenController.swift */; };
		A7FC2E4229C61DA000043CE4 /* gymVideo.mp4 in Resources */ = {isa = PBXBuildFile; fileRef = A7FC2E3F29C61B7500043CE4 /* gymVideo.mp4 */; };
		B37FE3A529BD93C900D0B50C /* ForgetController.swift in Sources */ = {isa = PBXBuildFile; fileRef = B37FE3A429BD93C900D0B50C /* ForgetController.swift */; };
		B37FE3A729BD93ED00D0B50C /* LoginController.swift in Sources */ = {isa = PBXBuildFile; fileRef = B37FE3A629BD93ED00D0B50C /* LoginController.swift */; };
		B37FE3A929BD944600D0B50C /* RegisterController.swift in Sources */ = {isa = PBXBuildFile; fileRef = B37FE3A829BD944600D0B50C /* RegisterController.swift */; };
		B37FE3AB29BD946B00D0B50C /* HomeController.swift in Sources */ = {isa = PBXBuildFile; fileRef = B37FE3AA29BD946B00D0B50C /* HomeController.swift */; };
		B38DAE6329BC74EC007B9072 /* AppDelegate.swift in Sources */ = {isa = PBXBuildFile; fileRef = B38DAE6229BC74EC007B9072 /* AppDelegate.swift */; };
		B38DAE6529BC74EC007B9072 /* SceneDelegate.swift in Sources */ = {isa = PBXBuildFile; fileRef = B38DAE6429BC74EC007B9072 /* SceneDelegate.swift */; };
		B38DAE6C29BC74F1007B9072 /* Assets.xcassets in Resources */ = {isa = PBXBuildFile; fileRef = B38DAE6B29BC74F1007B9072 /* Assets.xcassets */; };
		B38DAE6F29BC74F1007B9072 /* LaunchScreen.storyboard in Resources */ = {isa = PBXBuildFile; fileRef = B38DAE6D29BC74F1007B9072 /* LaunchScreen.storyboard */; };
		B38DAE7A29BC74F2007B9072 /* EassyWorkOutTests.swift in Sources */ = {isa = PBXBuildFile; fileRef = B38DAE7929BC74F2007B9072 /* EassyWorkOutTests.swift */; };
		B38DAE8429BC74F2007B9072 /* EassyWorkOutUITests.swift in Sources */ = {isa = PBXBuildFile; fileRef = B38DAE8329BC74F2007B9072 /* EassyWorkOutUITests.swift */; };
		B38DAE8629BC74F2007B9072 /* EassyWorkOutUITestsLaunchTests.swift in Sources */ = {isa = PBXBuildFile; fileRef = B38DAE8529BC74F2007B9072 /* EassyWorkOutUITestsLaunchTests.swift */; };
/* End PBXBuildFile section */

/* Begin PBXContainerItemProxy section */
		B38DAE7629BC74F2007B9072 /* PBXContainerItemProxy */ = {
			isa = PBXContainerItemProxy;
			containerPortal = B38DAE5729BC74EC007B9072 /* Project object */;
			proxyType = 1;
			remoteGlobalIDString = B38DAE5E29BC74EC007B9072;
			remoteInfo = EassyWorkOut;
		};
		B38DAE8029BC74F2007B9072 /* PBXContainerItemProxy */ = {
			isa = PBXContainerItemProxy;
			containerPortal = B38DAE5729BC74EC007B9072 /* Project object */;
			proxyType = 1;
			remoteGlobalIDString = B38DAE5E29BC74EC007B9072;
			remoteInfo = EassyWorkOut;
		};
/* End PBXContainerItemProxy section */

/* Begin PBXFileReference section */
		A74DFFE829C2232F0041DCCC /* AuthHeaderView.swift */ = {isa = PBXFileReference; lastKnownFileType = sourcecode.swift; path = AuthHeaderView.swift; sourceTree = SOURCE_ROOT; };
		A77481342A097BBF00ED3238 /* ExerciseDetailsViewController.swift */ = {isa = PBXFileReference; lastKnownFileType = sourcecode.swift; path = ExerciseDetailsViewController.swift; sourceTree = "<group>"; };
		A77481362A0C0A0400ED3238 /* MenuViewController.swift */ = {isa = PBXFileReference; lastKnownFileType = sourcecode.swift; path = MenuViewController.swift; sourceTree = "<group>"; };
		A77481382A10B74500ED3238 /* MainTabVIewController.swift */ = {isa = PBXFileReference; lastKnownFileType = sourcecode.swift; path = MainTabVIewController.swift; sourceTree = "<group>"; };
		A774813C2A11203E00ED3238 /* CreateScheduleController.swift */ = {isa = PBXFileReference; lastKnownFileType = sourcecode.swift; path = CreateScheduleController.swift; sourceTree = "<group>"; };
		A774813E2A11206200ED3238 /* ScheduleViewController.swift */ = {isa = PBXFileReference; lastKnownFileType = sourcecode.swift; path = ScheduleViewController.swift; sourceTree = "<group>"; };
		A77481402A1135C200ED3238 /* DashBoardViewController.swift */ = {isa = PBXFileReference; lastKnownFileType = sourcecode.swift; path = DashBoardViewController.swift; sourceTree = "<group>"; };
		A77481422A114D3400ED3238 /* ProfileController.swift */ = {isa = PBXFileReference; lastKnownFileType = sourcecode.swift; path = ProfileController.swift; sourceTree = "<group>"; };
		A77481452A1161D800ED3238 /* CollectionViewTableViewCell.swift */ = {isa = PBXFileReference; lastKnownFileType = sourcecode.swift; name = CollectionViewTableViewCell.swift; path = EassyWorkOut/Controllers/CollectionViewTableViewCell.swift; sourceTree = SOURCE_ROOT; };
		A77481472A13E8B000ED3238 /* HeroHeaderUIView.swift */ = {isa = PBXFileReference; lastKnownFileType = sourcecode.swift; name = HeroHeaderUIView.swift; path = EassyWorkOut/Controllers/HeroHeaderUIView.swift; sourceTree = SOURCE_ROOT; };
		A77481492A15288900ED3238 /* AgeSelectViewController.swift */ = {isa = PBXFileReference; lastKnownFileType = sourcecode.swift; path = AgeSelectViewController.swift; sourceTree = "<group>"; };
		A774814B2A152D2C00ED3238 /* WeightSelectViewController.swift */ = {isa = PBXFileReference; lastKnownFileType = sourcecode.swift; path = WeightSelectViewController.swift; sourceTree = "<group>"; };
		A774814D2A15364400ED3238 /* FitnessGoalSelectController.swift */ = {isa = PBXFileReference; lastKnownFileType = sourcecode.swift; path = FitnessGoalSelectController.swift; sourceTree = "<group>"; };
		A774814F2A15397600ED3238 /* FitnessGoalCardView.swift */ = {isa = PBXFileReference; lastKnownFileType = sourcecode.swift; name = FitnessGoalCardView.swift; path = EassyWorkOut/Controllers/FitnessGoalCardView.swift; sourceTree = SOURCE_ROOT; };
		A77481512A15505F00ED3238 /* HeightSelectViewController.swift */ = {isa = PBXFileReference; lastKnownFileType = sourcecode.swift; path = HeightSelectViewController.swift; sourceTree = "<group>"; };
		A78497D929C363E100B87FF6 /* TextFeildCustom.swift */ = {isa = PBXFileReference; lastKnownFileType = sourcecode.swift; path = TextFeildCustom.swift; sourceTree = SOURCE_ROOT; };
		A78497DB29C3934400B87FF6 /* CustomButton.swift */ = {isa = PBXFileReference; lastKnownFileType = sourcecode.swift; path = CustomButton.swift; sourceTree = SOURCE_ROOT; };
		A7889F3329D94C8000EB7418 /* AlertManager.swift */ = {isa = PBXFileReference; lastKnownFileType = sourcecode.swift; path = AlertManager.swift; sourceTree = "<group>"; };
		A788DC7F2A178A5D00EC982F /* WorkoutProgressView.swift */ = {isa = PBXFileReference; lastKnownFileType = sourcecode.swift; name = WorkoutProgressView.swift; path = EassyWorkOut/Controllers/WorkoutProgressView.swift; sourceTree = SOURCE_ROOT; };
		A788DC822A188DC400EC982F /* WorkoutListViewController.swift */ = {isa = PBXFileReference; lastKnownFileType = sourcecode.swift; path = WorkoutListViewController.swift; sourceTree = "<group>"; };
		A788DC842A18E2B500EC982F /* WorkoutDetailViewController.swift */ = {isa = PBXFileReference; lastKnownFileType = sourcecode.swift; path = WorkoutDetailViewController.swift; sourceTree = "<group>"; };
		A789EFF52A062F4500BBC9F2 /* GoogleService-Info.plist */ = {isa = PBXFileReference; fileEncoding = 4; lastKnownFileType = text.plist.xml; name = "GoogleService-Info.plist"; path = "../../../../Downloads/GoogleService-Info.plist"; sourceTree = "<group>"; };
		A79E158B29CF487E00E33679 /* NewSplashScreenController.swift */ = {isa = PBXFileReference; lastKnownFileType = sourcecode.swift; path = NewSplashScreenController.swift; sourceTree = "<group>"; };
		A7BA6A4029D0188C009443F6 /* WebViewerController.swift */ = {isa = PBXFileReference; lastKnownFileType = sourcecode.swift; path = WebViewerController.swift; sourceTree = "<group>"; };
		A7FC2E3C29C5FB2D00043CE4 /* SplashScreenController.swift */ = {isa = PBXFileReference; lastKnownFileType = sourcecode.swift; path = SplashScreenController.swift; sourceTree = "<group>"; };
		A7FC2E3F29C61B7500043CE4 /* gymVideo.mp4 */ = {isa = PBXFileReference; lastKnownFileType = file; path = gymVideo.mp4; sourceTree = "<group>"; };
		B37FE3A429BD93C900D0B50C /* ForgetController.swift */ = {isa = PBXFileReference; lastKnownFileType = sourcecode.swift; path = ForgetController.swift; sourceTree = "<group>"; };
		B37FE3A629BD93ED00D0B50C /* LoginController.swift */ = {isa = PBXFileReference; lastKnownFileType = sourcecode.swift; path = LoginController.swift; sourceTree = "<group>"; };
		B37FE3A829BD944600D0B50C /* RegisterController.swift */ = {isa = PBXFileReference; lastKnownFileType = sourcecode.swift; path = RegisterController.swift; sourceTree = "<group>"; };
		B37FE3AA29BD946B00D0B50C /* HomeController.swift */ = {isa = PBXFileReference; lastKnownFileType = sourcecode.swift; path = HomeController.swift; sourceTree = "<group>"; };
		B38DAE5F29BC74EC007B9072 /* EassyWorkOut.app */ = {isa = PBXFileReference; explicitFileType = wrapper.application; includeInIndex = 0; path = EassyWorkOut.app; sourceTree = BUILT_PRODUCTS_DIR; };
		B38DAE6229BC74EC007B9072 /* AppDelegate.swift */ = {isa = PBXFileReference; lastKnownFileType = sourcecode.swift; path = AppDelegate.swift; sourceTree = "<group>"; };
		B38DAE6429BC74EC007B9072 /* SceneDelegate.swift */ = {isa = PBXFileReference; lastKnownFileType = sourcecode.swift; path = SceneDelegate.swift; sourceTree = "<group>"; };
		B38DAE6B29BC74F1007B9072 /* Assets.xcassets */ = {isa = PBXFileReference; lastKnownFileType = folder.assetcatalog; path = Assets.xcassets; sourceTree = "<group>"; };
		B38DAE6E29BC74F1007B9072 /* Base */ = {isa = PBXFileReference; lastKnownFileType = file.storyboard; name = Base; path = Base.lproj/LaunchScreen.storyboard; sourceTree = "<group>"; };
		B38DAE7029BC74F1007B9072 /* Info.plist */ = {isa = PBXFileReference; lastKnownFileType = text.plist.xml; path = Info.plist; sourceTree = "<group>"; };
		B38DAE7529BC74F2007B9072 /* EassyWorkOutTests.xctest */ = {isa = PBXFileReference; explicitFileType = wrapper.cfbundle; includeInIndex = 0; path = EassyWorkOutTests.xctest; sourceTree = BUILT_PRODUCTS_DIR; };
		B38DAE7929BC74F2007B9072 /* EassyWorkOutTests.swift */ = {isa = PBXFileReference; lastKnownFileType = sourcecode.swift; path = EassyWorkOutTests.swift; sourceTree = "<group>"; };
		B38DAE7F29BC74F2007B9072 /* EassyWorkOutUITests.xctest */ = {isa = PBXFileReference; explicitFileType = wrapper.cfbundle; includeInIndex = 0; path = EassyWorkOutUITests.xctest; sourceTree = BUILT_PRODUCTS_DIR; };
		B38DAE8329BC74F2007B9072 /* EassyWorkOutUITests.swift */ = {isa = PBXFileReference; lastKnownFileType = sourcecode.swift; path = EassyWorkOutUITests.swift; sourceTree = "<group>"; };
		B38DAE8529BC74F2007B9072 /* EassyWorkOutUITestsLaunchTests.swift */ = {isa = PBXFileReference; lastKnownFileType = sourcecode.swift; path = EassyWorkOutUITestsLaunchTests.swift; sourceTree = "<group>"; };
/* End PBXFileReference section */

/* Begin PBXFrameworksBuildPhase section */
		B38DAE5C29BC74EC007B9072 /* Frameworks */ = {
			isa = PBXFrameworksBuildPhase;
			buildActionMask = 2147483647;
			files = (
			);
			runOnlyForDeploymentPostprocessing = 0;
		};
		B38DAE7229BC74F2007B9072 /* Frameworks */ = {
			isa = PBXFrameworksBuildPhase;
			buildActionMask = 2147483647;
			files = (
			);
			runOnlyForDeploymentPostprocessing = 0;
		};
		B38DAE7C29BC74F2007B9072 /* Frameworks */ = {
			isa = PBXFrameworksBuildPhase;
			buildActionMask = 2147483647;
			files = (
			);
			runOnlyForDeploymentPostprocessing = 0;
		};
/* End PBXFrameworksBuildPhase section */

/* Begin PBXGroup section */
		A77481442A11616000ED3238 /* Models */ = {
			isa = PBXGroup;
			children = (
			);
			path = Models;
			sourceTree = "<group>";
		};
		A7889F3229D9481000EB7418 /* Controllers */ = {
			isa = PBXGroup;
			children = (
				B37FE3AA29BD946B00D0B50C /* HomeController.swift */,
				B37FE3A429BD93C900D0B50C /* ForgetController.swift */,
				B37FE3A629BD93ED00D0B50C /* LoginController.swift */,
				B37FE3A829BD944600D0B50C /* RegisterController.swift */,
				A7FC2E3C29C5FB2D00043CE4 /* SplashScreenController.swift */,
				A79E158B29CF487E00E33679 /* NewSplashScreenController.swift */,
				A7BA6A4029D0188C009443F6 /* WebViewerController.swift */,
				A77481342A097BBF00ED3238 /* ExerciseDetailsViewController.swift */,
				A77481362A0C0A0400ED3238 /* MenuViewController.swift */,
				A77481382A10B74500ED3238 /* MainTabVIewController.swift */,
				A774813C2A11203E00ED3238 /* CreateScheduleController.swift */,
				A774813E2A11206200ED3238 /* ScheduleViewController.swift */,
				A77481402A1135C200ED3238 /* DashBoardViewController.swift */,
				A77481422A114D3400ED3238 /* ProfileController.swift */,
				A77481492A15288900ED3238 /* AgeSelectViewController.swift */,
				A774814B2A152D2C00ED3238 /* WeightSelectViewController.swift */,
				A774814D2A15364400ED3238 /* FitnessGoalSelectController.swift */,
				A77481512A15505F00ED3238 /* HeightSelectViewController.swift */,
				A788DC822A188DC400EC982F /* WorkoutListViewController.swift */,
				A788DC842A18E2B500EC982F /* WorkoutDetailViewController.swift */,
			);
			path = Controllers;
			sourceTree = "<group>";
		};
		A788DC812A17D59200EC982F /* Managers */ = {
			isa = PBXGroup;
			children = (
			);
			path = Managers;
			sourceTree = "<group>";
		};
		B37FE39829BD85F000D0B50C /* Supporting */ = {
			isa = PBXGroup;
			children = (
				B38DAE6B29BC74F1007B9072 /* Assets.xcassets */,
				B38DAE6229BC74EC007B9072 /* AppDelegate.swift */,
				B38DAE6429BC74EC007B9072 /* SceneDelegate.swift */,
				B38DAE6D29BC74F1007B9072 /* LaunchScreen.storyboard */,
				A7FC2E3F29C61B7500043CE4 /* gymVideo.mp4 */,
				A789EFF52A062F4500BBC9F2 /* GoogleService-Info.plist */,
			);
			path = Supporting;
			sourceTree = "<group>";
		};
		B37FE3A129BD90EA00D0B50C /* Views */ = {
			isa = PBXGroup;
			children = (
				A74DFFE829C2232F0041DCCC /* AuthHeaderView.swift */,
				A78497D929C363E100B87FF6 /* TextFeildCustom.swift */,
				A78497DB29C3934400B87FF6 /* CustomButton.swift */,
				A77481452A1161D800ED3238 /* CollectionViewTableViewCell.swift */,
				A77481472A13E8B000ED3238 /* HeroHeaderUIView.swift */,
				A774814F2A15397600ED3238 /* FitnessGoalCardView.swift */,
				A788DC7F2A178A5D00EC982F /* WorkoutProgressView.swift */,
			);
			path = Views;
			sourceTree = "<group>";
		};
		B38DAE5629BC74EC007B9072 = {
			isa = PBXGroup;
			children = (
				B38DAE6129BC74EC007B9072 /* EassyWorkOut */,
				B38DAE7829BC74F2007B9072 /* EassyWorkOutTests */,
				B38DAE8229BC74F2007B9072 /* EassyWorkOutUITests */,
				B38DAE6029BC74EC007B9072 /* Products */,
			);
			sourceTree = "<group>";
		};
		B38DAE6029BC74EC007B9072 /* Products */ = {
			isa = PBXGroup;
			children = (
				B38DAE5F29BC74EC007B9072 /* EassyWorkOut.app */,
				B38DAE7529BC74F2007B9072 /* EassyWorkOutTests.xctest */,
				B38DAE7F29BC74F2007B9072 /* EassyWorkOutUITests.xctest */,
			);
			name = Products;
			sourceTree = "<group>";
		};
		B38DAE6129BC74EC007B9072 /* EassyWorkOut */ = {
			isa = PBXGroup;
			children = (
				A788DC812A17D59200EC982F /* Managers */,
				A77481442A11616000ED3238 /* Models */,
				B37FE3A129BD90EA00D0B50C /* Views */,
				A7889F3229D9481000EB7418 /* Controllers */,
				B37FE39829BD85F000D0B50C /* Supporting */,
				B38DAE7029BC74F1007B9072 /* Info.plist */,
				A7889F3329D94C8000EB7418 /* AlertManager.swift */,
			);
			path = EassyWorkOut;
			sourceTree = "<group>";
		};
		B38DAE7829BC74F2007B9072 /* EassyWorkOutTests */ = {
			isa = PBXGroup;
			children = (
				B38DAE7929BC74F2007B9072 /* EassyWorkOutTests.swift */,
			);
			path = EassyWorkOutTests;
			sourceTree = "<group>";
		};
		B38DAE8229BC74F2007B9072 /* EassyWorkOutUITests */ = {
			isa = PBXGroup;
			children = (
				B38DAE8329BC74F2007B9072 /* EassyWorkOutUITests.swift */,
				B38DAE8529BC74F2007B9072 /* EassyWorkOutUITestsLaunchTests.swift */,
			);
			path = EassyWorkOutUITests;
			sourceTree = "<group>";
		};
/* End PBXGroup section */

/* Begin PBXNativeTarget section */
		B38DAE5E29BC74EC007B9072 /* EassyWorkOut */ = {
			isa = PBXNativeTarget;
			buildConfigurationList = B38DAE8929BC74F2007B9072 /* Build configuration list for PBXNativeTarget "EassyWorkOut" */;
			buildPhases = (
				B38DAE5B29BC74EC007B9072 /* Sources */,
				B38DAE5C29BC74EC007B9072 /* Frameworks */,
				B38DAE5D29BC74EC007B9072 /* Resources */,
			);
			buildRules = (
			);
			dependencies = (
			);
			name = EassyWorkOut;
			productName = EassyWorkOut;
			productReference = B38DAE5F29BC74EC007B9072 /* EassyWorkOut.app */;
			productType = "com.apple.product-type.application";
		};
		B38DAE7429BC74F2007B9072 /* EassyWorkOutTests */ = {
			isa = PBXNativeTarget;
			buildConfigurationList = B38DAE8C29BC74F2007B9072 /* Build configuration list for PBXNativeTarget "EassyWorkOutTests" */;
			buildPhases = (
				B38DAE7129BC74F2007B9072 /* Sources */,
				B38DAE7229BC74F2007B9072 /* Frameworks */,
				B38DAE7329BC74F2007B9072 /* Resources */,
			);
			buildRules = (
			);
			dependencies = (
				B38DAE7729BC74F2007B9072 /* PBXTargetDependency */,
			);
			name = EassyWorkOutTests;
			productName = EassyWorkOutTests;
			productReference = B38DAE7529BC74F2007B9072 /* EassyWorkOutTests.xctest */;
			productType = "com.apple.product-type.bundle.unit-test";
		};
		B38DAE7E29BC74F2007B9072 /* EassyWorkOutUITests */ = {
			isa = PBXNativeTarget;
			buildConfigurationList = B38DAE8F29BC74F2007B9072 /* Build configuration list for PBXNativeTarget "EassyWorkOutUITests" */;
			buildPhases = (
				B38DAE7B29BC74F2007B9072 /* Sources */,
				B38DAE7C29BC74F2007B9072 /* Frameworks */,
				B38DAE7D29BC74F2007B9072 /* Resources */,
			);
			buildRules = (
			);
			dependencies = (
				B38DAE8129BC74F2007B9072 /* PBXTargetDependency */,
			);
			name = EassyWorkOutUITests;
			productName = EassyWorkOutUITests;
			productReference = B38DAE7F29BC74F2007B9072 /* EassyWorkOutUITests.xctest */;
			productType = "com.apple.product-type.bundle.ui-testing";
		};
/* End PBXNativeTarget section */

/* Begin PBXProject section */
		B38DAE5729BC74EC007B9072 /* Project object */ = {
			isa = PBXProject;
			attributes = {
				BuildIndependentTargetsInParallel = 1;
				LastSwiftUpdateCheck = 1420;
				LastUpgradeCheck = 1420;
				TargetAttributes = {
					B38DAE5E29BC74EC007B9072 = {
						CreatedOnToolsVersion = 14.2;
					};
					B38DAE7429BC74F2007B9072 = {
						CreatedOnToolsVersion = 14.2;
						TestTargetID = B38DAE5E29BC74EC007B9072;
					};
					B38DAE7E29BC74F2007B9072 = {
						CreatedOnToolsVersion = 14.2;
						TestTargetID = B38DAE5E29BC74EC007B9072;
					};
				};
			};
			buildConfigurationList = B38DAE5A29BC74EC007B9072 /* Build configuration list for PBXProject "EassyWorkOut" */;
			compatibilityVersion = "Xcode 14.0";
			developmentRegion = en;
			hasScannedForEncodings = 0;
			knownRegions = (
				en,
				Base,
			);
			mainGroup = B38DAE5629BC74EC007B9072;
			productRefGroup = B38DAE6029BC74EC007B9072 /* Products */;
			projectDirPath = "";
			projectRoot = "";
			targets = (
				B38DAE5E29BC74EC007B9072 /* EassyWorkOut */,
				B38DAE7429BC74F2007B9072 /* EassyWorkOutTests */,
				B38DAE7E29BC74F2007B9072 /* EassyWorkOutUITests */,
			);
		};
/* End PBXProject section */

/* Begin PBXResourcesBuildPhase section */
		B38DAE5D29BC74EC007B9072 /* Resources */ = {
			isa = PBXResourcesBuildPhase;
			buildActionMask = 2147483647;
			files = (
				A7FC2E4229C61DA000043CE4 /* gymVideo.mp4 in Resources */,
				A789EFF62A062F4500BBC9F2 /* GoogleService-Info.plist in Resources */,
				B38DAE6F29BC74F1007B9072 /* LaunchScreen.storyboard in Resources */,
				B38DAE6C29BC74F1007B9072 /* Assets.xcassets in Resources */,
			);
			runOnlyForDeploymentPostprocessing = 0;
		};
		B38DAE7329BC74F2007B9072 /* Resources */ = {
			isa = PBXResourcesBuildPhase;
			buildActionMask = 2147483647;
			files = (
			);
			runOnlyForDeploymentPostprocessing = 0;
		};
		B38DAE7D29BC74F2007B9072 /* Resources */ = {
			isa = PBXResourcesBuildPhase;
			buildActionMask = 2147483647;
			files = (
			);
			runOnlyForDeploymentPostprocessing = 0;
		};
/* End PBXResourcesBuildPhase section */

/* Begin PBXSourcesBuildPhase section */
		B38DAE5B29BC74EC007B9072 /* Sources */ = {
			isa = PBXSourcesBuildPhase;
			buildActionMask = 2147483647;
			files = (
				A774814A2A15288900ED3238 /* AgeSelectViewController.swift in Sources */,
				A774813D2A11203E00ED3238 /* CreateScheduleController.swift in Sources */,
				B37FE3A529BD93C900D0B50C /* ForgetController.swift in Sources */,
				A788DC802A178A5D00EC982F /* WorkoutProgressView.swift in Sources */,
				A77481392A10B74500ED3238 /* MainTabVIewController.swift in Sources */,
				A788DC852A18E2B500EC982F /* WorkoutDetailViewController.swift in Sources */,
				A774813F2A11206200ED3238 /* ScheduleViewController.swift in Sources */,
				A77481372A0C0A0400ED3238 /* MenuViewController.swift in Sources */,
				A77481412A1135C200ED3238 /* DashBoardViewController.swift in Sources */,
				A79E158C29CF487E00E33679 /* NewSplashScreenController.swift in Sources */,
				A77481522A15505F00ED3238 /* HeightSelectViewController.swift in Sources */,
				B37FE3A729BD93ED00D0B50C /* LoginController.swift in Sources */,
				A78497DC29C3934400B87FF6 /* CustomButton.swift in Sources */,
				A77481502A15397600ED3238 /* FitnessGoalCardView.swift in Sources */,
				A7BA6A4129D0188C009443F6 /* WebViewerController.swift in Sources */,
				A7889F3429D94C8000EB7418 /* AlertManager.swift in Sources */,
				B37FE3AB29BD946B00D0B50C /* HomeController.swift in Sources */,
				A7FC2E3D29C5FB2D00043CE4 /* SplashScreenController.swift in Sources */,
				B37FE3A929BD944600D0B50C /* RegisterController.swift in Sources */,
				A774814E2A15364400ED3238 /* FitnessGoalSelectController.swift in Sources */,
				A78497DA29C363E100B87FF6 /* TextFeildCustom.swift in Sources */,
				A77481432A114D3400ED3238 /* ProfileController.swift in Sources */,
				A788DC832A188DC400EC982F /* WorkoutListViewController.swift in Sources */,
				B38DAE6329BC74EC007B9072 /* AppDelegate.swift in Sources */,
				A77481462A1161D800ED3238 /* CollectionViewTableViewCell.swift in Sources */,
				A77481352A097BBF00ED3238 /* ExerciseDetailsViewController.swift in Sources */,
				A774814C2A152D2C00ED3238 /* WeightSelectViewController.swift in Sources */,
				A77481482A13E8B000ED3238 /* HeroHeaderUIView.swift in Sources */,
				B38DAE6529BC74EC007B9072 /* SceneDelegate.swift in Sources */,
				A74DFFE929C2232F0041DCCC /* AuthHeaderView.swift in Sources */,
			);
			runOnlyForDeploymentPostprocessing = 0;
		};
		B38DAE7129BC74F2007B9072 /* Sources */ = {
			isa = PBXSourcesBuildPhase;
			buildActionMask = 2147483647;
			files = (
				B38DAE7A29BC74F2007B9072 /* EassyWorkOutTests.swift in Sources */,
			);
			runOnlyForDeploymentPostprocessing = 0;
		};
		B38DAE7B29BC74F2007B9072 /* Sources */ = {
			isa = PBXSourcesBuildPhase;
			buildActionMask = 2147483647;
			files = (
				B38DAE8629BC74F2007B9072 /* EassyWorkOutUITestsLaunchTests.swift in Sources */,
				B38DAE8429BC74F2007B9072 /* EassyWorkOutUITests.swift in Sources */,
			);
			runOnlyForDeploymentPostprocessing = 0;
		};
/* End PBXSourcesBuildPhase section */

/* Begin PBXTargetDependency section */
		B38DAE7729BC74F2007B9072 /* PBXTargetDependency */ = {
			isa = PBXTargetDependency;
			target = B38DAE5E29BC74EC007B9072 /* EassyWorkOut */;
			targetProxy = B38DAE7629BC74F2007B9072 /* PBXContainerItemProxy */;
		};
		B38DAE8129BC74F2007B9072 /* PBXTargetDependency */ = {
			isa = PBXTargetDependency;
			target = B38DAE5E29BC74EC007B9072 /* EassyWorkOut */;
			targetProxy = B38DAE8029BC74F2007B9072 /* PBXContainerItemProxy */;
		};
/* End PBXTargetDependency section */

/* Begin PBXVariantGroup section */
		B38DAE6D29BC74F1007B9072 /* LaunchScreen.storyboard */ = {
			isa = PBXVariantGroup;
			children = (
				B38DAE6E29BC74F1007B9072 /* Base */,
			);
			name = LaunchScreen.storyboard;
			sourceTree = "<group>";
		};
/* End PBXVariantGroup section */

/* Begin XCBuildConfiguration section */
		B38DAE8729BC74F2007B9072 /* Debug */ = {
			isa = XCBuildConfiguration;
			buildSettings = {
				ALWAYS_SEARCH_USER_PATHS = NO;
				CLANG_ANALYZER_NONNULL = YES;
				CLANG_ANALYZER_NUMBER_OBJECT_CONVERSION = YES_AGGRESSIVE;
				CLANG_CXX_LANGUAGE_STANDARD = "gnu++20";
				CLANG_ENABLE_MODULES = YES;
				CLANG_ENABLE_OBJC_ARC = YES;
				CLANG_ENABLE_OBJC_WEAK = YES;
				CLANG_WARN_BLOCK_CAPTURE_AUTORELEASING = YES;
				CLANG_WARN_BOOL_CONVERSION = YES;
				CLANG_WARN_COMMA = YES;
				CLANG_WARN_CONSTANT_CONVERSION = YES;
				CLANG_WARN_DEPRECATED_OBJC_IMPLEMENTATIONS = YES;
				CLANG_WARN_DIRECT_OBJC_ISA_USAGE = YES_ERROR;
				CLANG_WARN_DOCUMENTATION_COMMENTS = YES;
				CLANG_WARN_EMPTY_BODY = YES;
				CLANG_WARN_ENUM_CONVERSION = YES;
				CLANG_WARN_INFINITE_RECURSION = YES;
				CLANG_WARN_INT_CONVERSION = YES;
				CLANG_WARN_NON_LITERAL_NULL_CONVERSION = YES;
				CLANG_WARN_OBJC_IMPLICIT_RETAIN_SELF = YES;
				CLANG_WARN_OBJC_LITERAL_CONVERSION = YES;
				CLANG_WARN_OBJC_ROOT_CLASS = YES_ERROR;
				CLANG_WARN_QUOTED_INCLUDE_IN_FRAMEWORK_HEADER = YES;
				CLANG_WARN_RANGE_LOOP_ANALYSIS = YES;
				CLANG_WARN_STRICT_PROTOTYPES = YES;
				CLANG_WARN_SUSPICIOUS_MOVE = YES;
				CLANG_WARN_UNGUARDED_AVAILABILITY = YES_AGGRESSIVE;
				CLANG_WARN_UNREACHABLE_CODE = YES;
				CLANG_WARN__DUPLICATE_METHOD_MATCH = YES;
				COPY_PHASE_STRIP = NO;
				DEBUG_INFORMATION_FORMAT = dwarf;
				ENABLE_STRICT_OBJC_MSGSEND = YES;
				ENABLE_TESTABILITY = YES;
				GCC_C_LANGUAGE_STANDARD = gnu11;
				GCC_DYNAMIC_NO_PIC = NO;
				GCC_NO_COMMON_BLOCKS = YES;
				GCC_OPTIMIZATION_LEVEL = 0;
				GCC_PREPROCESSOR_DEFINITIONS = (
					"DEBUG=1",
					"$(inherited)",
				);
				GCC_WARN_64_TO_32_BIT_CONVERSION = YES;
				GCC_WARN_ABOUT_RETURN_TYPE = YES_ERROR;
				GCC_WARN_UNDECLARED_SELECTOR = YES;
				GCC_WARN_UNINITIALIZED_AUTOS = YES_AGGRESSIVE;
				GCC_WARN_UNUSED_FUNCTION = YES;
				GCC_WARN_UNUSED_VARIABLE = YES;
				IPHONEOS_DEPLOYMENT_TARGET = 16.2;
				MTL_ENABLE_DEBUG_INFO = INCLUDE_SOURCE;
				MTL_FAST_MATH = YES;
				ONLY_ACTIVE_ARCH = YES;
				SDKROOT = iphoneos;
				SWIFT_ACTIVE_COMPILATION_CONDITIONS = DEBUG;
				SWIFT_OPTIMIZATION_LEVEL = "-Onone";
			};
			name = Debug;
		};
		B38DAE8829BC74F2007B9072 /* Release */ = {
			isa = XCBuildConfiguration;
			buildSettings = {
				ALWAYS_SEARCH_USER_PATHS = NO;
				CLANG_ANALYZER_NONNULL = YES;
				CLANG_ANALYZER_NUMBER_OBJECT_CONVERSION = YES_AGGRESSIVE;
				CLANG_CXX_LANGUAGE_STANDARD = "gnu++20";
				CLANG_ENABLE_MODULES = YES;
				CLANG_ENABLE_OBJC_ARC = YES;
				CLANG_ENABLE_OBJC_WEAK = YES;
				CLANG_WARN_BLOCK_CAPTURE_AUTORELEASING = YES;
				CLANG_WARN_BOOL_CONVERSION = YES;
				CLANG_WARN_COMMA = YES;
				CLANG_WARN_CONSTANT_CONVERSION = YES;
				CLANG_WARN_DEPRECATED_OBJC_IMPLEMENTATIONS = YES;
				CLANG_WARN_DIRECT_OBJC_ISA_USAGE = YES_ERROR;
				CLANG_WARN_DOCUMENTATION_COMMENTS = YES;
				CLANG_WARN_EMPTY_BODY = YES;
				CLANG_WARN_ENUM_CONVERSION = YES;
				CLANG_WARN_INFINITE_RECURSION = YES;
				CLANG_WARN_INT_CONVERSION = YES;
				CLANG_WARN_NON_LITERAL_NULL_CONVERSION = YES;
				CLANG_WARN_OBJC_IMPLICIT_RETAIN_SELF = YES;
				CLANG_WARN_OBJC_LITERAL_CONVERSION = YES;
				CLANG_WARN_OBJC_ROOT_CLASS = YES_ERROR;
				CLANG_WARN_QUOTED_INCLUDE_IN_FRAMEWORK_HEADER = YES;
				CLANG_WARN_RANGE_LOOP_ANALYSIS = YES;
				CLANG_WARN_STRICT_PROTOTYPES = YES;
				CLANG_WARN_SUSPICIOUS_MOVE = YES;
				CLANG_WARN_UNGUARDED_AVAILABILITY = YES_AGGRESSIVE;
				CLANG_WARN_UNREACHABLE_CODE = YES;
				CLANG_WARN__DUPLICATE_METHOD_MATCH = YES;
				COPY_PHASE_STRIP = NO;
				DEBUG_INFORMATION_FORMAT = "dwarf-with-dsym";
				ENABLE_NS_ASSERTIONS = NO;
				ENABLE_STRICT_OBJC_MSGSEND = YES;
				GCC_C_LANGUAGE_STANDARD = gnu11;
				GCC_NO_COMMON_BLOCKS = YES;
				GCC_WARN_64_TO_32_BIT_CONVERSION = YES;
				GCC_WARN_ABOUT_RETURN_TYPE = YES_ERROR;
				GCC_WARN_UNDECLARED_SELECTOR = YES;
				GCC_WARN_UNINITIALIZED_AUTOS = YES_AGGRESSIVE;
				GCC_WARN_UNUSED_FUNCTION = YES;
				GCC_WARN_UNUSED_VARIABLE = YES;
				IPHONEOS_DEPLOYMENT_TARGET = 16.2;
				MTL_ENABLE_DEBUG_INFO = NO;
				MTL_FAST_MATH = YES;
				SDKROOT = iphoneos;
				SWIFT_COMPILATION_MODE = wholemodule;
				SWIFT_OPTIMIZATION_LEVEL = "-O";
				VALIDATE_PRODUCT = YES;
			};
			name = Release;
		};
		B38DAE8A29BC74F2007B9072 /* Debug */ = {
			isa = XCBuildConfiguration;
			buildSettings = {
				ASSETCATALOG_COMPILER_APPICON_NAME = AppIcon;
				ASSETCATALOG_COMPILER_GLOBAL_ACCENT_COLOR_NAME = AccentColor;
				CODE_SIGN_STYLE = Automatic;
				CURRENT_PROJECT_VERSION = 1;
				GENERATE_INFOPLIST_FILE = YES;
				INFOPLIST_FILE = EassyWorkOut/Info.plist;
				INFOPLIST_KEY_CFBundleDisplayName = "Easy Workout";
				INFOPLIST_KEY_UIApplicationSupportsIndirectInputEvents = YES;
				INFOPLIST_KEY_UILaunchStoryboardName = LaunchScreen;
				INFOPLIST_KEY_UISupportedInterfaceOrientations_iPad = "UIInterfaceOrientationPortrait UIInterfaceOrientationPortraitUpsideDown UIInterfaceOrientationLandscapeLeft UIInterfaceOrientationLandscapeRight";
				INFOPLIST_KEY_UISupportedInterfaceOrientations_iPhone = "UIInterfaceOrientationPortrait UIInterfaceOrientationLandscapeLeft UIInterfaceOrientationLandscapeRight";
				IPHONEOS_DEPLOYMENT_TARGET = 13.4;
				LD_RUNPATH_SEARCH_PATHS = (
					"$(inherited)",
					"@executable_path/Frameworks",
				);
				MARKETING_VERSION = 1.0;
				PRODUCT_BUNDLE_IDENTIFIER = eassyworkout.EassyWorkOut;
				PRODUCT_NAME = "$(TARGET_NAME)";
				SWIFT_EMIT_LOC_STRINGS = YES;
				SWIFT_VERSION = 5.0;
				TARGETED_DEVICE_FAMILY = "1,2";
			};
			name = Debug;
		};
		B38DAE8B29BC74F2007B9072 /* Release */ = {
			isa = XCBuildConfiguration;
			buildSettings = {
				ASSETCATALOG_COMPILER_APPICON_NAME = AppIcon;
				ASSETCATALOG_COMPILER_GLOBAL_ACCENT_COLOR_NAME = AccentColor;
				CODE_SIGN_STYLE = Automatic;
				CURRENT_PROJECT_VERSION = 1;
				GENERATE_INFOPLIST_FILE = YES;
				INFOPLIST_FILE = EassyWorkOut/Info.plist;
				INFOPLIST_KEY_CFBundleDisplayName = "Easy Workout";
				INFOPLIST_KEY_UIApplicationSupportsIndirectInputEvents = YES;
				INFOPLIST_KEY_UILaunchStoryboardName = LaunchScreen;
				INFOPLIST_KEY_UISupportedInterfaceOrientations_iPad = "UIInterfaceOrientationPortrait UIInterfaceOrientationPortraitUpsideDown UIInterfaceOrientationLandscapeLeft UIInterfaceOrientationLandscapeRight";
				INFOPLIST_KEY_UISupportedInterfaceOrientations_iPhone = "UIInterfaceOrientationPortrait UIInterfaceOrientationLandscapeLeft UIInterfaceOrientationLandscapeRight";
				IPHONEOS_DEPLOYMENT_TARGET = 13.4;
				LD_RUNPATH_SEARCH_PATHS = (
					"$(inherited)",
					"@executable_path/Frameworks",
				);
				MARKETING_VERSION = 1.0;
				PRODUCT_BUNDLE_IDENTIFIER = eassyworkout.EassyWorkOut;
				PRODUCT_NAME = "$(TARGET_NAME)";
				SWIFT_EMIT_LOC_STRINGS = YES;
				SWIFT_VERSION = 5.0;
				TARGETED_DEVICE_FAMILY = "1,2";
			};
			name = Release;
		};
		B38DAE8D29BC74F2007B9072 /* Debug */ = {
			isa = XCBuildConfiguration;
			buildSettings = {
				ALWAYS_EMBED_SWIFT_STANDARD_LIBRARIES = YES;
				BUNDLE_LOADER = "$(TEST_HOST)";
				CODE_SIGN_STYLE = Automatic;
				CURRENT_PROJECT_VERSION = 1;
				GENERATE_INFOPLIST_FILE = YES;
				IPHONEOS_DEPLOYMENT_TARGET = 16.2;
				MARKETING_VERSION = 1.0;
				PRODUCT_BUNDLE_IDENTIFIER = eassyworkout.EassyWorkOutTests;
				PRODUCT_NAME = "$(TARGET_NAME)";
				SWIFT_EMIT_LOC_STRINGS = NO;
				SWIFT_VERSION = 5.0;
				TARGETED_DEVICE_FAMILY = "1,2";
				TEST_HOST = "$(BUILT_PRODUCTS_DIR)/EassyWorkOut.app/$(BUNDLE_EXECUTABLE_FOLDER_PATH)/EassyWorkOut";
			};
			name = Debug;
		};
		B38DAE8E29BC74F2007B9072 /* Release */ = {
			isa = XCBuildConfiguration;
			buildSettings = {
				ALWAYS_EMBED_SWIFT_STANDARD_LIBRARIES = YES;
				BUNDLE_LOADER = "$(TEST_HOST)";
				CODE_SIGN_STYLE = Automatic;
				CURRENT_PROJECT_VERSION = 1;
				GENERATE_INFOPLIST_FILE = YES;
				IPHONEOS_DEPLOYMENT_TARGET = 16.2;
				MARKETING_VERSION = 1.0;
				PRODUCT_BUNDLE_IDENTIFIER = eassyworkout.EassyWorkOutTests;
				PRODUCT_NAME = "$(TARGET_NAME)";
				SWIFT_EMIT_LOC_STRINGS = NO;
				SWIFT_VERSION = 5.0;
				TARGETED_DEVICE_FAMILY = "1,2";
				TEST_HOST = "$(BUILT_PRODUCTS_DIR)/EassyWorkOut.app/$(BUNDLE_EXECUTABLE_FOLDER_PATH)/EassyWorkOut";
			};
			name = Release;
		};
		B38DAE9029BC74F2007B9072 /* Debug */ = {
			isa = XCBuildConfiguration;
			buildSettings = {
				ALWAYS_EMBED_SWIFT_STANDARD_LIBRARIES = YES;
				CODE_SIGN_STYLE = Automatic;
				CURRENT_PROJECT_VERSION = 1;
				GENERATE_INFOPLIST_FILE = YES;
				MARKETING_VERSION = 1.0;
				PRODUCT_BUNDLE_IDENTIFIER = eassyworkout.EassyWorkOutUITests;
				PRODUCT_NAME = "$(TARGET_NAME)";
				SWIFT_EMIT_LOC_STRINGS = NO;
				SWIFT_VERSION = 5.0;
				TARGETED_DEVICE_FAMILY = "1,2";
				TEST_TARGET_NAME = EassyWorkOut;
			};
			name = Debug;
		};
		B38DAE9129BC74F2007B9072 /* Release */ = {
			isa = XCBuildConfiguration;
			buildSettings = {
				ALWAYS_EMBED_SWIFT_STANDARD_LIBRARIES = YES;
				CODE_SIGN_STYLE = Automatic;
				CURRENT_PROJECT_VERSION = 1;
				GENERATE_INFOPLIST_FILE = YES;
				MARKETING_VERSION = 1.0;
				PRODUCT_BUNDLE_IDENTIFIER = eassyworkout.EassyWorkOutUITests;
				PRODUCT_NAME = "$(TARGET_NAME)";
				SWIFT_EMIT_LOC_STRINGS = NO;
				SWIFT_VERSION = 5.0;
				TARGETED_DEVICE_FAMILY = "1,2";
				TEST_TARGET_NAME = EassyWorkOut;
			};
			name = Release;
		};
/* End XCBuildConfiguration section */

/* Begin XCConfigurationList section */
		B38DAE5A29BC74EC007B9072 /* Build configuration list for PBXProject "EassyWorkOut" */ = {
			isa = XCConfigurationList;
			buildConfigurations = (
				B38DAE8729BC74F2007B9072 /* Debug */,
				B38DAE8829BC74F2007B9072 /* Release */,
			);
			defaultConfigurationIsVisible = 0;
			defaultConfigurationName = Release;
		};
		B38DAE8929BC74F2007B9072 /* Build configuration list for PBXNativeTarget "EassyWorkOut" */ = {
			isa = XCConfigurationList;
			buildConfigurations = (
				B38DAE8A29BC74F2007B9072 /* Debug */,
				B38DAE8B29BC74F2007B9072 /* Release */,
			);
			defaultConfigurationIsVisible = 0;
			defaultConfigurationName = Release;
		};
		B38DAE8C29BC74F2007B9072 /* Build configuration list for PBXNativeTarget "EassyWorkOutTests" */ = {
			isa = XCConfigurationList;
			buildConfigurations = (
				B38DAE8D29BC74F2007B9072 /* Debug */,
				B38DAE8E29BC74F2007B9072 /* Release */,
			);
			defaultConfigurationIsVisible = 0;
			defaultConfigurationName = Release;
		};
		B38DAE8F29BC74F2007B9072 /* Build configuration list for PBXNativeTarget "EassyWorkOutUITests" */ = {
			isa = XCConfigurationList;
			buildConfigurations = (
				B38DAE9029BC74F2007B9072 /* Debug */,
				B38DAE9129BC74F2007B9072 /* Release */,
			);
			defaultConfigurationIsVisible = 0;
			defaultConfigurationName = Release;
		};
/* End XCConfigurationList section */
	};
	rootObject = B38DAE5729BC74EC007B9072 /* Project object */;
}
